
Microsoft Visual Studio Solution File, Format Version 12.00
# Visual Studio Version 17
VisualStudioVersion = 17.4.33213.308
MinimumVisualStudioVersion = 10.0.40219.1
Project("{9A19103F-16F7-4668-BE54-9A1E7A4F7556}") = "OrderMicroservice", "OrderMicroservice\OrderMicroservice.csproj", "{DD8708EC-75DB-4E5E-B155-A7AFC59E405E}"
EndProject
Project("{9A19103F-16F7-4668-BE54-9A1E7A4F7556}") = "DeliveryMicroservice", "DeliveryMicroservice\DeliveryMicroservice.csproj", "{30F4AA76-98BA-439F-8AC2-8186C895D09B}"
EndProject
Project("{9A19103F-16F7-4668-BE54-9A1E7A4F7556}") = "AuthenticatorAPI", "..\AuthenticatorAPI\AuthenticatorAPI\AuthenticatorAPI.csproj", "{2B8F2D66-F2AF-4867-A7CA-BCBF4264FCC7}"
EndProject
Project("{9A19103F-16F7-4668-BE54-9A1E7A4F7556}") = "GatewayMicroservice", "GatewayMicroservice\GatewayMicroservice.csproj", "{84171A89-9DB9-435B-B272-0374666EEEF4}"
EndProject
Project("{9A19103F-16F7-4668-BE54-9A1E7A4F7556}") = "CatalogMicroservice", "CatalogMicroservice\CatalogMicroservice.csproj", "{C82F4BA2-E893-4E3A-BE94-4420308B42AD}"
EndProject
Global
	GlobalSection(SolutionConfigurationPlatforms) = preSolution
		Debug|Any CPU = Debug|Any CPU
		Release|Any CPU = Release|Any CPU
	EndGlobalSection
	GlobalSection(ProjectConfigurationPlatforms) = postSolution
		{DD8708EC-75DB-4E5E-B155-A7AFC59E405E}.Debug|Any CPU.ActiveCfg = Debug|Any CPU
		{DD8708EC-75DB-4E5E-B155-A7AFC59E405E}.Debug|Any CPU.Build.0 = Debug|Any CPU
		{DD8708EC-75DB-4E5E-B155-A7AFC59E405E}.Release|Any CPU.ActiveCfg = Release|Any CPU
		{DD8708EC-75DB-4E5E-B155-A7AFC59E405E}.Release|Any CPU.Build.0 = Release|Any CPU
		{30F4AA76-98BA-439F-8AC2-8186C895D09B}.Debug|Any CPU.ActiveCfg = Debug|Any CPU
		{30F4AA76-98BA-439F-8AC2-8186C895D09B}.Debug|Any CPU.Build.0 = Debug|Any CPU
		{30F4AA76-98BA-439F-8AC2-8186C895D09B}.Release|Any CPU.ActiveCfg = Release|Any CPU
		{30F4AA76-98BA-439F-8AC2-8186C895D09B}.Release|Any CPU.Build.0 = Release|Any CPU
		{2B8F2D66-F2AF-4867-A7CA-BCBF4264FCC7}.Debug|Any CPU.ActiveCfg = Debug|Any CPU
		{2B8F2D66-F2AF-4867-A7CA-BCBF4264FCC7}.Debug|Any CPU.Build.0 = Debug|Any CPU
		{2B8F2D66-F2AF-4867-A7CA-BCBF4264FCC7}.Release|Any CPU.ActiveCfg = Release|Any CPU
		{2B8F2D66-F2AF-4867-A7CA-BCBF4264FCC7}.Release|Any CPU.Build.0 = Release|Any CPU
		{84171A89-9DB9-435B-B272-0374666EEEF4}.Debug|Any CPU.ActiveCfg = Debug|Any CPU
		{84171A89-9DB9-435B-B272-0374666EEEF4}.Debug|Any CPU.Build.0 = Debug|Any CPU
		{84171A89-9DB9-435B-B272-0374666EEEF4}.Release|Any CPU.ActiveCfg = Release|Any CPU
		{84171A89-9DB9-435B-B272-0374666EEEF4}.Release|Any CPU.Build.0 = Release|Any CPU
		{C82F4BA2-E893-4E3A-BE94-4420308B42AD}.Debug|Any CPU.ActiveCfg = Debug|Any CPU
		{C82F4BA2-E893-4E3A-BE94-4420308B42AD}.Debug|Any CPU.Build.0 = Debug|Any CPU
		{C82F4BA2-E893-4E3A-BE94-4420308B42AD}.Release|Any CPU.ActiveCfg = Release|Any CPU
		{C82F4BA2-E893-4E3A-BE94-4420308B42AD}.Release|Any CPU.Build.0 = Release|Any CPU
	EndGlobalSection
	GlobalSection(SolutionProperties) = preSolution
		HideSolutionNode = FALSE
	EndGlobalSection
	GlobalSection(ExtensibilityGlobals) = postSolution
		SolutionGuid = {F1427E0A-7A3A-48E0-8CC3-2E58F195A49A}
	EndGlobalSection
EndGlobal
